
Microsoft Visual Studio Solution File, Format Version 12.00
# Visual Studio Version 17
VisualStudioVersion = 17.8.34408.163
MinimumVisualStudioVersion = 10.0.40219.1
Project("{9A19103F-16F7-4668-BE54-9A1E7A4F7556}") = "ProyectoMerck", "Proyecto-Merck\ProyectoMerck.csproj", "{09440B0E-0AED-426C-8B0E-A261A595F19C}"
EndProject
Project("{FAE04EC0-301F-11D3-BF4B-00C04F79EFBC}") = "Resources", "Resources\Resources.csproj", "{8D0751EC-0737-4347-935B-80E49F20060B}"
EndProject
Global
	GlobalSection(SolutionConfigurationPlatforms) = preSolution
		Debug|Any CPU = Debug|Any CPU
		Release|Any CPU = Release|Any CPU
	EndGlobalSection
	GlobalSection(ProjectConfigurationPlatforms) = postSolution
		{09440B0E-0AED-426C-8B0E-A261A595F19C}.Debug|Any CPU.ActiveCfg = Debug|Any CPU
		{09440B0E-0AED-426C-8B0E-A261A595F19C}.Debug|Any CPU.Build.0 = Debug|Any CPU
		{09440B0E-0AED-426C-8B0E-A261A595F19C}.Release|Any CPU.ActiveCfg = Release|Any CPU
		{09440B0E-0AED-426C-8B0E-A261A595F19C}.Release|Any CPU.Build.0 = Release|Any CPU
		{8D0751EC-0737-4347-935B-80E49F20060B}.Debug|Any CPU.ActiveCfg = Debug|Any CPU
		{8D0751EC-0737-4347-935B-80E49F20060B}.Debug|Any CPU.Build.0 = Debug|Any CPU
		{8D0751EC-0737-4347-935B-80E49F20060B}.Release|Any CPU.ActiveCfg = Release|Any CPU
		{8D0751EC-0737-4347-935B-80E49F20060B}.Release|Any CPU.Build.0 = Release|Any CPU
	EndGlobalSection
	GlobalSection(SolutionProperties) = preSolution
		HideSolutionNode = FALSE
	EndGlobalSection
	GlobalSection(ExtensibilityGlobals) = postSolution
		SolutionGuid = {FAFC248F-E3B7-4A12-B07E-15B12D10DF36}
	EndGlobalSection
EndGlobal
